Microsoft Visual Studio Solution File, Format Version 12.00
# Visual Studio 15
VisualStudioVersion = 15.0.27130.2010
MinimumVisualStudioVersion = 15.0.26124.0
Project("{9A19103F-16F7-4668-BE54-9A1E7A4F7556}") = "Cryptopian", "Cryptopian\Cryptopian.csproj", "{B1DA86DE-ECE5-488A-9B11-42EC92105585}"
EndProject
Global
	GlobalSection(SolutionConfigurationPlatforms) = preSolution
		Debug|Any CPU = Debug|Any CPU
		Debug|x64 = Debug|x64
		Debug|x86 = Debug|x86
		Release|Any CPU = Release|Any CPU
		Release|x64 = Release|x64
		Release|x86 = Release|x86
	EndGlobalSection
	GlobalSection(ProjectConfigurationPlatforms) = postSolution
		{B1DA86DE-ECE5-488A-9B11-42EC92105585}.Debug|Any CPU.ActiveCfg = Debug|Any CPU
		{B1DA86DE-ECE5-488A-9B11-42EC92105585}.Debug|Any CPU.Build.0 = Debug|Any CPU
		{B1DA86DE-ECE5-488A-9B11-42EC92105585}.Debug|x64.ActiveCfg = Debug|Any CPU
		{B1DA86DE-ECE5-488A-9B11-42EC92105585}.Debug|x64.Build.0 = Debug|Any CPU
		{B1DA86DE-ECE5-488A-9B11-42EC92105585}.Debug|x86.ActiveCfg = Debug|Any CPU
		{B1DA86DE-ECE5-488A-9B11-42EC92105585}.Debug|x86.Build.0 = Debug|Any CPU
		{B1DA86DE-ECE5-488A-9B11-42EC92105585}.Release|Any CPU.ActiveCfg = Release|Any CPU
		{B1DA86DE-ECE5-488A-9B11-42EC92105585}.Release|Any CPU.Build.0 = Release|Any CPU
		{B1DA86DE-ECE5-488A-9B11-42EC92105585}.Release|x64.ActiveCfg = Release|Any CPU
		{B1DA86DE-ECE5-488A-9B11-42EC92105585}.Release|x64.Build.0 = Release|Any CPU
		{B1DA86DE-ECE5-488A-9B11-42EC92105585}.Release|x86.ActiveCfg = Release|Any CPU
		{B1DA86DE-ECE5-488A-9B11-42EC92105585}.Release|x86.Build.0 = Release|Any CPU
	EndGlobalSection
	GlobalSection(SolutionProperties) = preSolution
		HideSolutionNode = FALSE
	EndGlobalSection
	GlobalSection(ExtensibilityGlobals) = postSolution
		SolutionGuid = {9C7393E6-5D64-4CB1-9268-CAA9DE55A050}
	EndGlobalSection
EndGlobal
